
Microsoft Visual Studio Solution File, Format Version 12.00
# Visual Studio Version 17
VisualStudioVersion = 17.10.35122.118
MinimumVisualStudioVersion = 10.0.40219.1
Project("{2150E333-8FDC-42A3-9474-1A3956D46DE8}") = "src", "src", "{91DDA7EA-8550-4CA9-A46D-F7955D5A4435}"
EndProject
Project("{2150E333-8FDC-42A3-9474-1A3956D46DE8}") = "tests", "tests", "{B7945721-EBCC-4E41-B068-43ECF47DE45A}"
EndProject
Project("{2150E333-8FDC-42A3-9474-1A3956D46DE8}") = "Backend", "Backend", "{C09812BC-06DF-439D-99C1-1A679B163AE5}"
EndProject
Project("{2150E333-8FDC-42A3-9474-1A3956D46DE8}") = "Shared", "Shared", "{7F5CFFA7-881C-4A5E-AEA7-7FDFCB533FBC}"
EndProject
Project("{2150E333-8FDC-42A3-9474-1A3956D46DE8}") = "Mobile", "Mobile", "{3185AD3A-97CE-4231-A5DC-37D21CD4EF08}"
EndProject
Project("{9A19103F-16F7-4668-BE54-9A1E7A4F7556}") = "RecipeBook.API", "src\Backend\RecipeBook.API\RecipeBook.API.csproj", "{A6B04EA5-2EC8-4469-91EF-7242F476DB80}"
EndProject
Project("{9A19103F-16F7-4668-BE54-9A1E7A4F7556}") = "RecipeBook.Application", "src\Backend\RecipeBook.Application\RecipeBook.Application.csproj", "{8EADDE52-9866-4E0C-876F-C40F466AAF38}"
EndProject
Project("{9A19103F-16F7-4668-BE54-9A1E7A4F7556}") = "RecipeBook.Domain", "src\Backend\RecipeBook.Domain\RecipeBook.Domain.csproj", "{11F3745F-5D8E-48C2-9E17-54070807B91D}"
EndProject
Project("{9A19103F-16F7-4668-BE54-9A1E7A4F7556}") = "RecipeBook.Infrastructure", "src\Backend\RecipeBook.Infrastructure\RecipeBook.Infrastructure.csproj", "{BD7B9F99-5A3E-4E1D-AB26-B4233C762C10}"
EndProject
Project("{9A19103F-16F7-4668-BE54-9A1E7A4F7556}") = "RecipeBook.Communication", "src\Shared\RecipeBook.Communication\RecipeBook.Communication.csproj", "{FEF726FF-77E6-4D8B-803D-92A9BFB35C20}"
EndProject
Project("{9A19103F-16F7-4668-BE54-9A1E7A4F7556}") = "RecipeBook.Exceptions", "src\Shared\RecipeBook.Exceptions\RecipeBook.Exceptions.csproj", "{6BF9D9C6-9BA4-4210-B111-19C74D3BCFB9}"
EndProject
Project("{9A19103F-16F7-4668-BE54-9A1E7A4F7556}") = "Validators.Test", "tests\Validators.Test\Validators.Test.csproj", "{740F7CCD-4928-4B7A-976F-AB57153B2D71}"
	ProjectSection(ProjectDependencies) = postProject
		{8EADDE52-9866-4E0C-876F-C40F466AAF38} = {8EADDE52-9866-4E0C-876F-C40F466AAF38}
	EndProjectSection
EndProject
Project("{9A19103F-16F7-4668-BE54-9A1E7A4F7556}") = "CommonTestUtilities", "tests\CommonTestUtilities\CommonTestUtilities.csproj", "{939A4B63-2754-4C69-8B57-2BF2DFE95D70}"
EndProject
Project("{9A19103F-16F7-4668-BE54-9A1E7A4F7556}") = "UseCases.Test", "tests\UseCases.Test\UseCases.Test.csproj", "{96818D9B-2FC5-45A6-A429-16FC06DF59DA}"
EndProject
Project("{FAE04EC0-301F-11D3-BF4B-00C04F79EFBC}") = "WebApi.Test", "tests\WebApi.Test\WebApi.Test.csproj", "{671C2F43-4430-44DC-B075-FB2E741218F0}"
EndProject
Global
	GlobalSection(SolutionConfigurationPlatforms) = preSolution
		Debug|Any CPU = Debug|Any CPU
		Release|Any CPU = Release|Any CPU
	EndGlobalSection
	GlobalSection(ProjectConfigurationPlatforms) = postSolution
		{A6B04EA5-2EC8-4469-91EF-7242F476DB80}.Debug|Any CPU.ActiveCfg = Debug|Any CPU
		{A6B04EA5-2EC8-4469-91EF-7242F476DB80}.Debug|Any CPU.Build.0 = Debug|Any CPU
		{A6B04EA5-2EC8-4469-91EF-7242F476DB80}.Release|Any CPU.ActiveCfg = Release|Any CPU
		{A6B04EA5-2EC8-4469-91EF-7242F476DB80}.Release|Any CPU.Build.0 = Release|Any CPU
		{8EADDE52-9866-4E0C-876F-C40F466AAF38}.Debug|Any CPU.ActiveCfg = Debug|Any CPU
		{8EADDE52-9866-4E0C-876F-C40F466AAF38}.Debug|Any CPU.Build.0 = Debug|Any CPU
		{8EADDE52-9866-4E0C-876F-C40F466AAF38}.Release|Any CPU.ActiveCfg = Release|Any CPU
		{8EADDE52-9866-4E0C-876F-C40F466AAF38}.Release|Any CPU.Build.0 = Release|Any CPU
		{11F3745F-5D8E-48C2-9E17-54070807B91D}.Debug|Any CPU.ActiveCfg = Debug|Any CPU
		{11F3745F-5D8E-48C2-9E17-54070807B91D}.Debug|Any CPU.Build.0 = Debug|Any CPU
		{11F3745F-5D8E-48C2-9E17-54070807B91D}.Release|Any CPU.ActiveCfg = Release|Any CPU
		{11F3745F-5D8E-48C2-9E17-54070807B91D}.Release|Any CPU.Build.0 = Release|Any CPU
		{BD7B9F99-5A3E-4E1D-AB26-B4233C762C10}.Debug|Any CPU.ActiveCfg = Debug|Any CPU
		{BD7B9F99-5A3E-4E1D-AB26-B4233C762C10}.Debug|Any CPU.Build.0 = Debug|Any CPU
		{BD7B9F99-5A3E-4E1D-AB26-B4233C762C10}.Release|Any CPU.ActiveCfg = Release|Any CPU
		{BD7B9F99-5A3E-4E1D-AB26-B4233C762C10}.Release|Any CPU.Build.0 = Release|Any CPU
		{FEF726FF-77E6-4D8B-803D-92A9BFB35C20}.Debug|Any CPU.ActiveCfg = Debug|Any CPU
		{FEF726FF-77E6-4D8B-803D-92A9BFB35C20}.Debug|Any CPU.Build.0 = Debug|Any CPU
		{FEF726FF-77E6-4D8B-803D-92A9BFB35C20}.Release|Any CPU.ActiveCfg = Release|Any CPU
		{FEF726FF-77E6-4D8B-803D-92A9BFB35C20}.Release|Any CPU.Build.0 = Release|Any CPU
		{6BF9D9C6-9BA4-4210-B111-19C74D3BCFB9}.Debug|Any CPU.ActiveCfg = Debug|Any CPU
		{6BF9D9C6-9BA4-4210-B111-19C74D3BCFB9}.Debug|Any CPU.Build.0 = Debug|Any CPU
		{6BF9D9C6-9BA4-4210-B111-19C74D3BCFB9}.Release|Any CPU.ActiveCfg = Release|Any CPU
		{6BF9D9C6-9BA4-4210-B111-19C74D3BCFB9}.Release|Any CPU.Build.0 = Release|Any CPU
		{740F7CCD-4928-4B7A-976F-AB57153B2D71}.Debug|Any CPU.ActiveCfg = Debug|Any CPU
		{740F7CCD-4928-4B7A-976F-AB57153B2D71}.Debug|Any CPU.Build.0 = Debug|Any CPU
		{740F7CCD-4928-4B7A-976F-AB57153B2D71}.Release|Any CPU.ActiveCfg = Release|Any CPU
		{740F7CCD-4928-4B7A-976F-AB57153B2D71}.Release|Any CPU.Build.0 = Release|Any CPU
		{939A4B63-2754-4C69-8B57-2BF2DFE95D70}.Debug|Any CPU.ActiveCfg = Debug|Any CPU
		{939A4B63-2754-4C69-8B57-2BF2DFE95D70}.Debug|Any CPU.Build.0 = Debug|Any CPU
		{939A4B63-2754-4C69-8B57-2BF2DFE95D70}.Release|Any CPU.ActiveCfg = Release|Any CPU
		{939A4B63-2754-4C69-8B57-2BF2DFE95D70}.Release|Any CPU.Build.0 = Release|Any CPU
		{96818D9B-2FC5-45A6-A429-16FC06DF59DA}.Debug|Any CPU.ActiveCfg = Debug|Any CPU
		{96818D9B-2FC5-45A6-A429-16FC06DF59DA}.Debug|Any CPU.Build.0 = Debug|Any CPU
		{96818D9B-2FC5-45A6-A429-16FC06DF59DA}.Release|Any CPU.ActiveCfg = Release|Any CPU
		{96818D9B-2FC5-45A6-A429-16FC06DF59DA}.Release|Any CPU.Build.0 = Release|Any CPU
		{671C2F43-4430-44DC-B075-FB2E741218F0}.Debug|Any CPU.ActiveCfg = Debug|Any CPU
		{671C2F43-4430-44DC-B075-FB2E741218F0}.Debug|Any CPU.Build.0 = Debug|Any CPU
		{671C2F43-4430-44DC-B075-FB2E741218F0}.Release|Any CPU.ActiveCfg = Release|Any CPU
		{671C2F43-4430-44DC-B075-FB2E741218F0}.Release|Any CPU.Build.0 = Release|Any CPU
	EndGlobalSection
	GlobalSection(SolutionProperties) = preSolution
		HideSolutionNode = FALSE
	EndGlobalSection
	GlobalSection(NestedProjects) = preSolution
		{C09812BC-06DF-439D-99C1-1A679B163AE5} = {91DDA7EA-8550-4CA9-A46D-F7955D5A4435}
		{7F5CFFA7-881C-4A5E-AEA7-7FDFCB533FBC} = {91DDA7EA-8550-4CA9-A46D-F7955D5A4435}
		{3185AD3A-97CE-4231-A5DC-37D21CD4EF08} = {91DDA7EA-8550-4CA9-A46D-F7955D5A4435}
		{A6B04EA5-2EC8-4469-91EF-7242F476DB80} = {C09812BC-06DF-439D-99C1-1A679B163AE5}
		{8EADDE52-9866-4E0C-876F-C40F466AAF38} = {C09812BC-06DF-439D-99C1-1A679B163AE5}
		{11F3745F-5D8E-48C2-9E17-54070807B91D} = {C09812BC-06DF-439D-99C1-1A679B163AE5}
		{BD7B9F99-5A3E-4E1D-AB26-B4233C762C10} = {C09812BC-06DF-439D-99C1-1A679B163AE5}
		{FEF726FF-77E6-4D8B-803D-92A9BFB35C20} = {7F5CFFA7-881C-4A5E-AEA7-7FDFCB533FBC}
		{6BF9D9C6-9BA4-4210-B111-19C74D3BCFB9} = {7F5CFFA7-881C-4A5E-AEA7-7FDFCB533FBC}
		{740F7CCD-4928-4B7A-976F-AB57153B2D71} = {B7945721-EBCC-4E41-B068-43ECF47DE45A}
		{939A4B63-2754-4C69-8B57-2BF2DFE95D70} = {B7945721-EBCC-4E41-B068-43ECF47DE45A}
		{96818D9B-2FC5-45A6-A429-16FC06DF59DA} = {B7945721-EBCC-4E41-B068-43ECF47DE45A}
		{671C2F43-4430-44DC-B075-FB2E741218F0} = {B7945721-EBCC-4E41-B068-43ECF47DE45A}
	EndGlobalSection
	GlobalSection(ExtensibilityGlobals) = postSolution
		SolutionGuid = {06E510F7-11DD-45D0-902E-62A4F1A80F2D}
	EndGlobalSection
EndGlobal
